
Microsoft Visual Studio Solution File, Format Version 12.00
# Visual Studio Version 16
VisualStudioVersion = 16.0.31515.178
MinimumVisualStudioVersion = 10.0.40219.1
Project("{9A19103F-16F7-4668-BE54-9A1E7A4F7556}") = "TLS.Web", "TLS.Web.csproj", "{36ED4005-AD39-4E58-82F2-9A5B63359451}"
EndProject
Project("{9A19103F-16F7-4668-BE54-9A1E7A4F7556}") = "TLS.DataProvider", "..\TLS.DataProvider\TLS.DataProvider.csproj", "{23E053D3-8B73-4EF5-8EA8-3BF9A0E56765}"
EndProject
Project("{9A19103F-16F7-4668-BE54-9A1E7A4F7556}") = "TLS.Service", "..\TLS.Service\TLS.Service.csproj", "{84A7C184-4E19-479E-9D05-B76229589745}"
EndProject
Project("{9A19103F-16F7-4668-BE54-9A1E7A4F7556}") = "TLS.Repository", "..\TLS.Repository\TLS.Repository.csproj", "{55FF47CC-8EC8-424C-896F-FAE2CFBABD21}"
EndProject
Project("{9A19103F-16F7-4668-BE54-9A1E7A4F7556}") = "TLS.ViewModels", "..\TLS.ViewModels\TLS.ViewModels.csproj", "{B346887A-4081-4603-BAFC-C9CB83BAC563}"
EndProject
Project("{2150E333-8FDC-42A3-9474-1A3956D46DE8}") = "1. Infrastructure", "1. Infrastructure", "{66A712CF-8648-4BE1-B230-38116E5F1B42}"
EndProject
Project("{2150E333-8FDC-42A3-9474-1A3956D46DE8}") = "2. Domain", "2. Domain", "{F1600232-4CE4-4C24-BBAB-3675862F1F4E}"
EndProject
Project("{2150E333-8FDC-42A3-9474-1A3956D46DE8}") = "3. Host", "3. Host", "{EA3BA076-0EAA-42B1-859F-5D821E36087B}"
EndProject
Project("{FAE04EC0-301F-11D3-BF4B-00C04F79EFBC}") = "TLS.Common", "..\TLS.Common\TLS.Common.csproj", "{2A9DA7CD-8114-4281-9E78-29F515E59DC8}"
EndProject
Global
	GlobalSection(SolutionConfigurationPlatforms) = preSolution
		Debug|Any CPU = Debug|Any CPU
		Release|Any CPU = Release|Any CPU
	EndGlobalSection
	GlobalSection(ProjectConfigurationPlatforms) = postSolution
		{36ED4005-AD39-4E58-82F2-9A5B63359451}.Debug|Any CPU.ActiveCfg = Debug|Any CPU
		{36ED4005-AD39-4E58-82F2-9A5B63359451}.Debug|Any CPU.Build.0 = Debug|Any CPU
		{36ED4005-AD39-4E58-82F2-9A5B63359451}.Release|Any CPU.ActiveCfg = Release|Any CPU
		{36ED4005-AD39-4E58-82F2-9A5B63359451}.Release|Any CPU.Build.0 = Release|Any CPU
		{23E053D3-8B73-4EF5-8EA8-3BF9A0E56765}.Debug|Any CPU.ActiveCfg = Debug|Any CPU
		{23E053D3-8B73-4EF5-8EA8-3BF9A0E56765}.Debug|Any CPU.Build.0 = Debug|Any CPU
		{23E053D3-8B73-4EF5-8EA8-3BF9A0E56765}.Release|Any CPU.ActiveCfg = Release|Any CPU
		{23E053D3-8B73-4EF5-8EA8-3BF9A0E56765}.Release|Any CPU.Build.0 = Release|Any CPU
		{84A7C184-4E19-479E-9D05-B76229589745}.Debug|Any CPU.ActiveCfg = Debug|Any CPU
		{84A7C184-4E19-479E-9D05-B76229589745}.Debug|Any CPU.Build.0 = Debug|Any CPU
		{84A7C184-4E19-479E-9D05-B76229589745}.Release|Any CPU.ActiveCfg = Release|Any CPU
		{84A7C184-4E19-479E-9D05-B76229589745}.Release|Any CPU.Build.0 = Release|Any CPU
		{55FF47CC-8EC8-424C-896F-FAE2CFBABD21}.Debug|Any CPU.ActiveCfg = Debug|Any CPU
		{55FF47CC-8EC8-424C-896F-FAE2CFBABD21}.Debug|Any CPU.Build.0 = Debug|Any CPU
		{55FF47CC-8EC8-424C-896F-FAE2CFBABD21}.Release|Any CPU.ActiveCfg = Release|Any CPU
		{55FF47CC-8EC8-424C-896F-FAE2CFBABD21}.Release|Any CPU.Build.0 = Release|Any CPU
		{B346887A-4081-4603-BAFC-C9CB83BAC563}.Debug|Any CPU.ActiveCfg = Debug|Any CPU
		{B346887A-4081-4603-BAFC-C9CB83BAC563}.Debug|Any CPU.Build.0 = Debug|Any CPU
		{B346887A-4081-4603-BAFC-C9CB83BAC563}.Release|Any CPU.ActiveCfg = Release|Any CPU
		{B346887A-4081-4603-BAFC-C9CB83BAC563}.Release|Any CPU.Build.0 = Release|Any CPU
		{2A9DA7CD-8114-4281-9E78-29F515E59DC8}.Debug|Any CPU.ActiveCfg = Debug|Any CPU
		{2A9DA7CD-8114-4281-9E78-29F515E59DC8}.Debug|Any CPU.Build.0 = Debug|Any CPU
		{2A9DA7CD-8114-4281-9E78-29F515E59DC8}.Release|Any CPU.ActiveCfg = Release|Any CPU
		{2A9DA7CD-8114-4281-9E78-29F515E59DC8}.Release|Any CPU.Build.0 = Release|Any CPU
	EndGlobalSection
	GlobalSection(SolutionProperties) = preSolution
		HideSolutionNode = FALSE
	EndGlobalSection
	GlobalSection(NestedProjects) = preSolution
		{36ED4005-AD39-4E58-82F2-9A5B63359451} = {EA3BA076-0EAA-42B1-859F-5D821E36087B}
		{23E053D3-8B73-4EF5-8EA8-3BF9A0E56765} = {F1600232-4CE4-4C24-BBAB-3675862F1F4E}
		{84A7C184-4E19-479E-9D05-B76229589745} = {F1600232-4CE4-4C24-BBAB-3675862F1F4E}
		{55FF47CC-8EC8-424C-896F-FAE2CFBABD21} = {F1600232-4CE4-4C24-BBAB-3675862F1F4E}
		{B346887A-4081-4603-BAFC-C9CB83BAC563} = {66A712CF-8648-4BE1-B230-38116E5F1B42}
		{2A9DA7CD-8114-4281-9E78-29F515E59DC8} = {66A712CF-8648-4BE1-B230-38116E5F1B42}
	EndGlobalSection
	GlobalSection(ExtensibilityGlobals) = postSolution
		SolutionGuid = {E53B0F97-C3C7-454B-BECE-659C766D82CE}
	EndGlobalSection
EndGlobal
